
Microsoft Visual Studio Solution File, Format Version 12.00
# Visual Studio Version 17
VisualStudioVersion = 17.4.33213.308
MinimumVisualStudioVersion = 10.0.40219.1
Project("{FAE04EC0-301F-11D3-BF4B-00C04F79EFBC}") = "TicketSystem", "TicketSystem\TicketSystem.csproj", "{DBAA7F2F-DF00-4F5C-9296-3D1E02B9C906}"
EndProject
Project("{FAE04EC0-301F-11D3-BF4B-00C04F79EFBC}") = "BLL", "BLL\BLL.csproj", "{0E02DD65-73B8-4401-A405-D15804AEC10E}"
EndProject
Project("{FAE04EC0-301F-11D3-BF4B-00C04F79EFBC}") = "DAL", "DAL\DAL.csproj", "{1B8D0040-09FA-4B40-B936-84FD18A50EA2}"
EndProject
Global
	GlobalSection(SolutionConfigurationPlatforms) = preSolution
		Debug|Any CPU = Debug|Any CPU
		Release|Any CPU = Release|Any CPU
	EndGlobalSection
	GlobalSection(ProjectConfigurationPlatforms) = postSolution
		{DBAA7F2F-DF00-4F5C-9296-3D1E02B9C906}.Debug|Any CPU.ActiveCfg = Debug|Any CPU
		{DBAA7F2F-DF00-4F5C-9296-3D1E02B9C906}.Debug|Any CPU.Build.0 = Debug|Any CPU
		{DBAA7F2F-DF00-4F5C-9296-3D1E02B9C906}.Release|Any CPU.ActiveCfg = Release|Any CPU
		{DBAA7F2F-DF00-4F5C-9296-3D1E02B9C906}.Release|Any CPU.Build.0 = Release|Any CPU
		{0E02DD65-73B8-4401-A405-D15804AEC10E}.Debug|Any CPU.ActiveCfg = Debug|Any CPU
		{0E02DD65-73B8-4401-A405-D15804AEC10E}.Debug|Any CPU.Build.0 = Debug|Any CPU
		{0E02DD65-73B8-4401-A405-D15804AEC10E}.Release|Any CPU.ActiveCfg = Release|Any CPU
		{0E02DD65-73B8-4401-A405-D15804AEC10E}.Release|Any CPU.Build.0 = Release|Any CPU
		{1B8D0040-09FA-4B40-B936-84FD18A50EA2}.Debug|Any CPU.ActiveCfg = Debug|Any CPU
		{1B8D0040-09FA-4B40-B936-84FD18A50EA2}.Debug|Any CPU.Build.0 = Debug|Any CPU
		{1B8D0040-09FA-4B40-B936-84FD18A50EA2}.Release|Any CPU.ActiveCfg = Release|Any CPU
		{1B8D0040-09FA-4B40-B936-84FD18A50EA2}.Release|Any CPU.Build.0 = Release|Any CPU
	EndGlobalSection
	GlobalSection(SolutionProperties) = preSolution
		HideSolutionNode = FALSE
	EndGlobalSection
	GlobalSection(ExtensibilityGlobals) = postSolution
		SolutionGuid = {0ACC9C39-AB3B-4C21-8C4C-3D2F7E7FE377}
	EndGlobalSection
EndGlobal
